
Microsoft Visual Studio Solution File, Format Version 12.00
# Visual Studio Version 16
VisualStudioVersion = 16.0.31729.503
MinimumVisualStudioVersion = 10.0.40219.1
Project("{FAE04EC0-301F-11D3-BF4B-00C04F79EFBC}") = "QLTK", "QLTK\QLTK.csproj", "{3729415A-40C1-47C8-A4ED-0EC342C46C93}"
EndProject
Global
	GlobalSection(SolutionConfigurationPlatforms) = preSolution
		Debug|Any CPU = Debug|Any CPU
		Release|Any CPU = Release|Any CPU
	EndGlobalSection
	GlobalSection(ProjectConfigurationPlatforms) = postSolution
		{3729415A-40C1-47C8-A4ED-0EC342C46C93}.Debug|Any CPU.ActiveCfg = Debug|Any CPU
		{3729415A-40C1-47C8-A4ED-0EC342C46C93}.Debug|Any CPU.Build.0 = Debug|Any CPU
		{3729415A-40C1-47C8-A4ED-0EC342C46C93}.Release|Any CPU.ActiveCfg = Release|Any CPU
		{3729415A-40C1-47C8-A4ED-0EC342C46C93}.Release|Any CPU.Build.0 = Release|Any CPU
	EndGlobalSection
	GlobalSection(SolutionProperties) = preSolution
		HideSolutionNode = FALSE
	EndGlobalSection
	GlobalSection(ExtensibilityGlobals) = postSolution
		SolutionGuid = {75C1868C-DB83-4389-B82C-742FA255DDA5}
	EndGlobalSection
EndGlobal
